// !$*UTF8*$!
{
	archiveVersion = 1;
	classes = {
	};
	objectVersion = 56;
	objects = {

/* Begin PBXBuildFile section */
		B8DA12C9299BA0D900FE6EDA /* PersonView.swift in Sources */ = {isa = PBXBuildFile; fileRef = B8DA12C8299BA0D900FE6EDA /* PersonView.swift */; };
		B8DA12CB299BA29F00FE6EDA /* UIImage-SaveAndLoad.swift in Sources */ = {isa = PBXBuildFile; fileRef = B8DA12CA299BA29F00FE6EDA /* UIImage-SaveAndLoad.swift */; };
		B8DA12CD299C487600FE6EDA /* LocationFetcher.swift in Sources */ = {isa = PBXBuildFile; fileRef = B8DA12CC299C487600FE6EDA /* LocationFetcher.swift */; };
		B8E70E53299803EA008354CA /* FaceSnapApp.swift in Sources */ = {isa = PBXBuildFile; fileRef = B8E70E52299803EA008354CA /* FaceSnapApp.swift */; };
		B8E70E55299803EA008354CA /* ContentView.swift in Sources */ = {isa = PBXBuildFile; fileRef = B8E70E54299803EA008354CA /* ContentView.swift */; };
		B8E70E57299803ED008354CA /* Assets.xcassets in Resources */ = {isa = PBXBuildFile; fileRef = B8E70E56299803ED008354CA /* Assets.xcassets */; };
		B8E70E5A299803ED008354CA /* Preview Assets.xcassets in Resources */ = {isa = PBXBuildFile; fileRef = B8E70E59299803ED008354CA /* Preview Assets.xcassets */; };
		B8E70E64299823B0008354CA /* ImagePicker.swift in Sources */ = {isa = PBXBuildFile; fileRef = B8E70E63299823B0008354CA /* ImagePicker.swift */; };
		B8E70E6B29983BDE008354CA /* FileManager-DocumentsDirectory.swift in Sources */ = {isa = PBXBuildFile; fileRef = B8E70E6A29983BDE008354CA /* FileManager-DocumentsDirectory.swift */; };
		B8E70E6D29985155008354CA /* Person.swift in Sources */ = {isa = PBXBuildFile; fileRef = B8E70E6C29985155008354CA /* Person.swift */; };
		B8E70E6F299851E5008354CA /* PersonNameView.swift in Sources */ = {isa = PBXBuildFile; fileRef = B8E70E6E299851E5008354CA /* PersonNameView.swift */; };
/* End PBXBuildFile section */

/* Begin PBXFileReference section */
		B8DA12C8299BA0D900FE6EDA /* PersonView.swift */ = {isa = PBXFileReference; lastKnownFileType = sourcecode.swift; path = PersonView.swift; sourceTree = "<group>"; };
		B8DA12CA299BA29F00FE6EDA /* UIImage-SaveAndLoad.swift */ = {isa = PBXFileReference; lastKnownFileType = sourcecode.swift; path = "UIImage-SaveAndLoad.swift"; sourceTree = "<group>"; };
		B8DA12CC299C487600FE6EDA /* LocationFetcher.swift */ = {isa = PBXFileReference; lastKnownFileType = sourcecode.swift; path = LocationFetcher.swift; sourceTree = "<group>"; };
		B8E70E4F299803EA008354CA /* FaceSnap.app */ = {isa = PBXFileReference; explicitFileType = wrapper.application; includeInIndex = 0; path = FaceSnap.app; sourceTree = BUILT_PRODUCTS_DIR; };
		B8E70E52299803EA008354CA /* FaceSnapApp.swift */ = {isa = PBXFileReference; lastKnownFileType = sourcecode.swift; path = FaceSnapApp.swift; sourceTree = "<group>"; };
		B8E70E54299803EA008354CA /* ContentView.swift */ = {isa = PBXFileReference; lastKnownFileType = sourcecode.swift; path = ContentView.swift; sourceTree = "<group>"; };
		B8E70E56299803ED008354CA /* Assets.xcassets */ = {isa = PBXFileReference; lastKnownFileType = folder.assetcatalog; path = Assets.xcassets; sourceTree = "<group>"; };
		B8E70E59299803ED008354CA /* Preview Assets.xcassets */ = {isa = PBXFileReference; lastKnownFileType = folder.assetcatalog; path = "Preview Assets.xcassets"; sourceTree = "<group>"; };
		B8E70E63299823B0008354CA /* ImagePicker.swift */ = {isa = PBXFileReference; lastKnownFileType = sourcecode.swift; path = ImagePicker.swift; sourceTree = "<group>"; };
		B8E70E6A29983BDE008354CA /* FileManager-DocumentsDirectory.swift */ = {isa = PBXFileReference; lastKnownFileType = sourcecode.swift; path = "FileManager-DocumentsDirectory.swift"; sourceTree = "<group>"; };
		B8E70E6C29985155008354CA /* Person.swift */ = {isa = PBXFileReference; lastKnownFileType = sourcecode.swift; path = Person.swift; sourceTree = "<group>"; };
		B8E70E6E299851E5008354CA /* PersonNameView.swift */ = {isa = PBXFileReference; lastKnownFileType = sourcecode.swift; path = PersonNameView.swift; sourceTree = "<group>"; };
/* End PBXFileReference section */

/* Begin PBXFrameworksBuildPhase section */
		B8E70E4C299803EA008354CA /* Frameworks */ = {
			isa = PBXFrameworksBuildPhase;
			buildActionMask = 2147483647;
			files = (
			);
			runOnlyForDeploymentPostprocessing = 0;
		};
/* End PBXFrameworksBuildPhase section */

/* Begin PBXGroup section */
		B8E70E46299803EA008354CA = {
			isa = PBXGroup;
			children = (
				B8E70E70299851F5008354CA /* Extensions */,
				B8E70E51299803EA008354CA /* FaceSnap */,
				B8E70E50299803EA008354CA /* Products */,
			);
			sourceTree = "<group>";
		};
		B8E70E50299803EA008354CA /* Products */ = {
			isa = PBXGroup;
			children = (
				B8E70E4F299803EA008354CA /* FaceSnap.app */,
			);
			name = Products;
			sourceTree = "<group>";
		};
		B8E70E51299803EA008354CA /* FaceSnap */ = {
			isa = PBXGroup;
			children = (
				B8E70E52299803EA008354CA /* FaceSnapApp.swift */,
				B8E70E6029981AB6008354CA /* Views */,
				B8E70E6629982662008354CA /* Objects */,
				B8E70E56299803ED008354CA /* Assets.xcassets */,
				B8E70E58299803ED008354CA /* Preview Content */,
			);
			path = FaceSnap;
			sourceTree = "<group>";
		};
		B8E70E58299803ED008354CA /* Preview Content */ = {
			isa = PBXGroup;
			children = (
				B8E70E59299803ED008354CA /* Preview Assets.xcassets */,
			);
			path = "Preview Content";
			sourceTree = "<group>";
		};
		B8E70E6029981AB6008354CA /* Views */ = {
			isa = PBXGroup;
			children = (
				B8E70E54299803EA008354CA /* ContentView.swift */,
				B8DA12C8299BA0D900FE6EDA /* PersonView.swift */,
				B8E70E63299823B0008354CA /* ImagePicker.swift */,
				B8DA12CC299C487600FE6EDA /* LocationFetcher.swift */,
				B8E70E6E299851E5008354CA /* PersonNameView.swift */,
			);
			name = Views;
			sourceTree = "<group>";
		};
		B8E70E6629982662008354CA /* Objects */ = {
			isa = PBXGroup;
			children = (
				B8E70E6C29985155008354CA /* Person.swift */,
			);
			name = Objects;
			sourceTree = "<group>";
		};
		B8E70E70299851F5008354CA /* Extensions */ = {
			isa = PBXGroup;
			children = (
				B8E70E6A29983BDE008354CA /* FileManager-DocumentsDirectory.swift */,
				B8DA12CA299BA29F00FE6EDA /* UIImage-SaveAndLoad.swift */,
			);
			name = Extensions;
			path = FaceSnap;
			sourceTree = "<group>";
		};
/* End PBXGroup section */

/* Begin PBXNativeTarget section */
		B8E70E4E299803EA008354CA /* FaceSnap */ = {
			isa = PBXNativeTarget;
			buildConfigurationList = B8E70E5D299803ED008354CA /* Build configuration list for PBXNativeTarget "FaceSnap" */;
			buildPhases = (
				B8E70E4B299803EA008354CA /* Sources */,
				B8E70E4C299803EA008354CA /* Frameworks */,
				B8E70E4D299803EA008354CA /* Resources */,
			);
			buildRules = (
			);
			dependencies = (
			);
			name = FaceSnap;
			productName = FaceSnap;
			productReference = B8E70E4F299803EA008354CA /* FaceSnap.app */;
			productType = "com.apple.product-type.application";
		};
/* End PBXNativeTarget section */

/* Begin PBXProject section */
		B8E70E47299803EA008354CA /* Project object */ = {
			isa = PBXProject;
			attributes = {
				BuildIndependentTargetsInParallel = 1;
				LastSwiftUpdateCheck = 1420;
				LastUpgradeCheck = 1420;
				TargetAttributes = {
					B8E70E4E299803EA008354CA = {
						CreatedOnToolsVersion = 14.2;
					};
				};
			};
			buildConfigurationList = B8E70E4A299803EA008354CA /* Build configuration list for PBXProject "FaceSnap" */;
			compatibilityVersion = "Xcode 14.0";
			developmentRegion = en;
			hasScannedForEncodings = 0;
			knownRegions = (
				en,
				Base,
			);
			mainGroup = B8E70E46299803EA008354CA;
			productRefGroup = B8E70E50299803EA008354CA /* Products */;
			projectDirPath = "";
			projectRoot = "";
			targets = (
				B8E70E4E299803EA008354CA /* FaceSnap */,
			);
		};
/* End PBXProject section */

/* Begin PBXResourcesBuildPhase section */
		B8E70E4D299803EA008354CA /* Resources */ = {
			isa = PBXResourcesBuildPhase;
			buildActionMask = 2147483647;
			files = (
				B8E70E5A299803ED008354CA /* Preview Assets.xcassets in Resources */,
				B8E70E57299803ED008354CA /* Assets.xcassets in Resources */,
			);
			runOnlyForDeploymentPostprocessing = 0;
		};
/* End PBXResourcesBuildPhase section */

/* Begin PBXSourcesBuildPhase section */
		B8E70E4B299803EA008354CA /* Sources */ = {
			isa = PBXSourcesBuildPhase;
			buildActionMask = 2147483647;
			files = (
				B8E70E6F299851E5008354CA /* PersonNameView.swift in Sources */,
				B8E70E6D29985155008354CA /* Person.swift in Sources */,
				B8E70E6B29983BDE008354CA /* FileManager-DocumentsDirectory.swift in Sources */,
				B8E70E55299803EA008354CA /* ContentView.swift in Sources */,
				B8DA12CB299BA29F00FE6EDA /* UIImage-SaveAndLoad.swift in Sources */,
				B8E70E64299823B0008354CA /* ImagePicker.swift in Sources */,
				B8E70E53299803EA008354CA /* FaceSnapApp.swift in Sources */,
				B8DA12C9299BA0D900FE6EDA /* PersonView.swift in Sources */,
				B8DA12CD299C487600FE6EDA /* LocationFetcher.swift in Sources */,
			);
			runOnlyForDeploymentPostprocessing = 0;
		};
/* End PBXSourcesBuildPhase section */

/* Begin XCBuildConfiguration section */
		B8E70E5B299803ED008354CA /* Debug */ = {
			isa = XCBuildConfiguration;
			buildSettings = {
				ALWAYS_SEARCH_USER_PATHS = NO;
				CLANG_ANALYZER_NONNULL = YES;
				CLANG_ANALYZER_NUMBER_OBJECT_CONVERSION = YES_AGGRESSIVE;
				CLANG_CXX_LANGUAGE_STANDARD = "gnu++20";
				CLANG_ENABLE_MODULES = YES;
				CLANG_ENABLE_OBJC_ARC = YES;
				CLANG_ENABLE_OBJC_WEAK = YES;
				CLANG_WARN_BLOCK_CAPTURE_AUTORELEASING = YES;
				CLANG_WARN_BOOL_CONVERSION = YES;
				CLANG_WARN_COMMA = YES;
				CLANG_WARN_CONSTANT_CONVERSION = YES;
				CLANG_WARN_DEPRECATED_OBJC_IMPLEMENTATIONS = YES;
				CLANG_WARN_DIRECT_OBJC_ISA_USAGE = YES_ERROR;
				CLANG_WARN_DOCUMENTATION_COMMENTS = YES;
				CLANG_WARN_EMPTY_BODY = YES;
				CLANG_WARN_ENUM_CONVERSION = YES;
				CLANG_WARN_INFINITE_RECURSION = YES;
				CLANG_WARN_INT_CONVERSION = YES;
				CLANG_WARN_NON_LITERAL_NULL_CONVERSION = YES;
				CLANG_WARN_OBJC_IMPLICIT_RETAIN_SELF = YES;
				CLANG_WARN_OBJC_LITERAL_CONVERSION = YES;
				CLANG_WARN_OBJC_ROOT_CLASS = YES_ERROR;
				CLANG_WARN_QUOTED_INCLUDE_IN_FRAMEWORK_HEADER = YES;
				CLANG_WARN_RANGE_LOOP_ANALYSIS = YES;
				CLANG_WARN_STRICT_PROTOTYPES = YES;
				CLANG_WARN_SUSPICIOUS_MOVE = YES;
				CLANG_WARN_UNGUARDED_AVAILABILITY = YES_AGGRESSIVE;
				CLANG_WARN_UNREACHABLE_CODE = YES;
				CLANG_WARN__DUPLICATE_METHOD_MATCH = YES;
				COPY_PHASE_STRIP = NO;
				DEBUG_INFORMATION_FORMAT = dwarf;
				ENABLE_STRICT_OBJC_MSGSEND = YES;
				ENABLE_TESTABILITY = YES;
				GCC_C_LANGUAGE_STANDARD = gnu11;
				GCC_DYNAMIC_NO_PIC = NO;
				GCC_NO_COMMON_BLOCKS = YES;
				GCC_OPTIMIZATION_LEVEL = 0;
				GCC_PREPROCESSOR_DEFINITIONS = (
					"DEBUG=1",
					"$(inherited)",
				);
				GCC_WARN_64_TO_32_BIT_CONVERSION = YES;
				GCC_WARN_ABOUT_RETURN_TYPE = YES_ERROR;
				GCC_WARN_UNDECLARED_SELECTOR = YES;
				GCC_WARN_UNINITIALIZED_AUTOS = YES_AGGRESSIVE;
				GCC_WARN_UNUSED_FUNCTION = YES;
				GCC_WARN_UNUSED_VARIABLE = YES;
				IPHONEOS_DEPLOYMENT_TARGET = 16.2;
				MTL_ENABLE_DEBUG_INFO = INCLUDE_SOURCE;
				MTL_FAST_MATH = YES;
				ONLY_ACTIVE_ARCH = YES;
				SDKROOT = iphoneos;
				SWIFT_ACTIVE_COMPILATION_CONDITIONS = DEBUG;
				SWIFT_OPTIMIZATION_LEVEL = "-Onone";
			};
			name = Debug;
		};
		B8E70E5C299803ED008354CA /* Release */ = {
			isa = XCBuildConfiguration;
			buildSettings = {
				ALWAYS_SEARCH_USER_PATHS = NO;
				CLANG_ANALYZER_NONNULL = YES;
				CLANG_ANALYZER_NUMBER_OBJECT_CONVERSION = YES_AGGRESSIVE;
				CLANG_CXX_LANGUAGE_STANDARD = "gnu++20";
				CLANG_ENABLE_MODULES = YES;
				CLANG_ENABLE_OBJC_ARC = YES;
				CLANG_ENABLE_OBJC_WEAK = YES;
				CLANG_WARN_BLOCK_CAPTURE_AUTORELEASING = YES;
				CLANG_WARN_BOOL_CONVERSION = YES;
				CLANG_WARN_COMMA = YES;
				CLANG_WARN_CONSTANT_CONVERSION = YES;
				CLANG_WARN_DEPRECATED_OBJC_IMPLEMENTATIONS = YES;
				CLANG_WARN_DIRECT_OBJC_ISA_USAGE = YES_ERROR;
				CLANG_WARN_DOCUMENTATION_COMMENTS = YES;
				CLANG_WARN_EMPTY_BODY = YES;
				CLANG_WARN_ENUM_CONVERSION = YES;
				CLANG_WARN_INFINITE_RECURSION = YES;
				CLANG_WARN_INT_CONVERSION = YES;
				CLANG_WARN_NON_LITERAL_NULL_CONVERSION = YES;
				CLANG_WARN_OBJC_IMPLICIT_RETAIN_SELF = YES;
				CLANG_WARN_OBJC_LITERAL_CONVERSION = YES;
				CLANG_WARN_OBJC_ROOT_CLASS = YES_ERROR;
				CLANG_WARN_QUOTED_INCLUDE_IN_FRAMEWORK_HEADER = YES;
				CLANG_WARN_RANGE_LOOP_ANALYSIS = YES;
				CLANG_WARN_STRICT_PROTOTYPES = YES;
				CLANG_WARN_SUSPICIOUS_MOVE = YES;
				CLANG_WARN_UNGUARDED_AVAILABILITY = YES_AGGRESSIVE;
				CLANG_WARN_UNREACHABLE_CODE = YES;
				CLANG_WARN__DUPLICATE_METHOD_MATCH = YES;
				COPY_PHASE_STRIP = NO;
				DEBUG_INFORMATION_FORMAT = "dwarf-with-dsym";
				ENABLE_NS_ASSERTIONS = NO;
				ENABLE_STRICT_OBJC_MSGSEND = YES;
				GCC_C_LANGUAGE_STANDARD = gnu11;
				GCC_NO_COMMON_BLOCKS = YES;
				GCC_WARN_64_TO_32_BIT_CONVERSION = YES;
				GCC_WARN_ABOUT_RETURN_TYPE = YES_ERROR;
				GCC_WARN_UNDECLARED_SELECTOR = YES;
				GCC_WARN_UNINITIALIZED_AUTOS = YES_AGGRESSIVE;
				GCC_WARN_UNUSED_FUNCTION = YES;
				GCC_WARN_UNUSED_VARIABLE = YES;
				IPHONEOS_DEPLOYMENT_TARGET = 16.2;
				MTL_ENABLE_DEBUG_INFO = NO;
				MTL_FAST_MATH = YES;
				SDKROOT = iphoneos;
				SWIFT_COMPILATION_MODE = wholemodule;
				SWIFT_OPTIMIZATION_LEVEL = "-O";
				VALIDATE_PRODUCT = YES;
			};
			name = Release;
		};
		B8E70E5E299803ED008354CA /* Debug */ = {
			isa = XCBuildConfiguration;
			buildSettings = {
				ASSETCATALOG_COMPILER_APPICON_NAME = AppIcon;
				ASSETCATALOG_COMPILER_GLOBAL_ACCENT_COLOR_NAME = AccentColor;
				CODE_SIGN_STYLE = Automatic;
				CURRENT_PROJECT_VERSION = 1;
				DEVELOPMENT_ASSET_PATHS = "\"FaceSnap/Preview Content\"";
				DEVELOPMENT_TEAM = 8X7MLERU8X;
				ENABLE_PREVIEWS = YES;
				GENERATE_INFOPLIST_FILE = YES;
				INFOPLIST_KEY_NSCameraUsageDescription = "We need access to the camera to let you capture new faces.";
				INFOPLIST_KEY_NSLocationWhenInUseUsageDescription = "We need access to your current location to show it on a map assigned to each user you add.";
				INFOPLIST_KEY_UIApplicationSceneManifest_Generation = YES;
				INFOPLIST_KEY_UIApplicationSupportsIndirectInputEvents = YES;
				INFOPLIST_KEY_UILaunchScreen_Generation = YES;
				INFOPLIST_KEY_UISupportedInterfaceOrientations_iPad = "UIInterfaceOrientationPortrait UIInterfaceOrientationPortraitUpsideDown UIInterfaceOrientationLandscapeLeft UIInterfaceOrientationLandscapeRight";
				INFOPLIST_KEY_UISupportedInterfaceOrientations_iPhone = "UIInterfaceOrientationPortrait UIInterfaceOrientationLandscapeLeft UIInterfaceOrientationLandscapeRight";
				LD_RUNPATH_SEARCH_PATHS = (
					"$(inherited)",
					"@executable_path/Frameworks",
				);
				MARKETING_VERSION = 1.0;
				PRODUCT_BUNDLE_IDENTIFIER = EPJr..FaceSnap;
				PRODUCT_NAME = "$(TARGET_NAME)";
				SWIFT_EMIT_LOC_STRINGS = YES;
				SWIFT_VERSION = 5.0;
				TARGETED_DEVICE_FAMILY = "1,2";
			};
			name = Debug;
		};
		B8E70E5F299803ED008354CA /* Release */ = {
			isa = XCBuildConfiguration;
			buildSettings = {
				ASSETCATALOG_COMPILER_APPICON_NAME = AppIcon;
				ASSETCATALOG_COMPILER_GLOBAL_ACCENT_COLOR_NAME = AccentColor;
				CODE_SIGN_STYLE = Automatic;
				CURRENT_PROJECT_VERSION = 1;
				DEVELOPMENT_ASSET_PATHS = "\"FaceSnap/Preview Content\"";
				DEVELOPMENT_TEAM = 8X7MLERU8X;
				ENABLE_PREVIEWS = YES;
				GENERATE_INFOPLIST_FILE = YES;
				INFOPLIST_KEY_NSCameraUsageDescription = "We need access to the camera to let you capture new faces.";
				INFOPLIST_KEY_NSLocationWhenInUseUsageDescription = "We need access to your current location to show it on a map assigned to each user you add.";
				INFOPLIST_KEY_UIApplicationSceneManifest_Generation = YES;
				INFOPLIST_KEY_UIApplicationSupportsIndirectInputEvents = YES;
				INFOPLIST_KEY_UILaunchScreen_Generation = YES;
				INFOPLIST_KEY_UISupportedInterfaceOrientations_iPad = "UIInterfaceOrientationPortrait UIInterfaceOrientationPortraitUpsideDown UIInterfaceOrientationLandscapeLeft UIInterfaceOrientationLandscapeRight";
				INFOPLIST_KEY_UISupportedInterfaceOrientations_iPhone = "UIInterfaceOrientationPortrait UIInterfaceOrientationLandscapeLeft UIInterfaceOrientationLandscapeRight";
				LD_RUNPATH_SEARCH_PATHS = (
					"$(inherited)",
					"@executable_path/Frameworks",
				);
				MARKETING_VERSION = 1.0;
				PRODUCT_BUNDLE_IDENTIFIER = EPJr..FaceSnap;
				PRODUCT_NAME = "$(TARGET_NAME)";
				SWIFT_EMIT_LOC_STRINGS = YES;
				SWIFT_VERSION = 5.0;
				TARGETED_DEVICE_FAMILY = "1,2";
			};
			name = Release;
		};
/* End XCBuildConfiguration section */

/* Begin XCConfigurationList section */
		B8E70E4A299803EA008354CA /* Build configuration list for PBXProject "FaceSnap" */ = {
			isa = XCConfigurationList;
			buildConfigurations = (
				B8E70E5B299803ED008354CA /* Debug */,
				B8E70E5C299803ED008354CA /* Release */,
			);
			defaultConfigurationIsVisible = 0;
			defaultConfigurationName = Release;
		};
		B8E70E5D299803ED008354CA /* Build configuration list for PBXNativeTarget "FaceSnap" */ = {
			isa = XCConfigurationList;
			buildConfigurations = (
				B8E70E5E299803ED008354CA /* Debug */,
				B8E70E5F299803ED008354CA /* Release */,
			);
			defaultConfigurationIsVisible = 0;
			defaultConfigurationName = Release;
		};
/* End XCConfigurationList section */
	};
	rootObject = B8E70E47299803EA008354CA /* Project object */;
}
